
Microsoft Visual Studio Solution File, Format Version 12.00
# Visual Studio Version 17
VisualStudioVersion = 17.9.34728.123
MinimumVisualStudioVersion = 10.0.40219.1
Project("{FAE04EC0-301F-11D3-BF4B-00C04F79EFBC}") = "Ajca.Android", "Ajca.Android\Ajca.Android.csproj", "{3097EAC8-63E7-4634-A8F5-EA2B5F855818}"
EndProject
Project("{FAE04EC0-301F-11D3-BF4B-00C04F79EFBC}") = "Ajca.iOS", "Ajca.iOS\Ajca.iOS.csproj", "{FC9DF4B8-0644-4334-B7F1-8628AB8A9840}"
EndProject
Project("{FAE04EC0-301F-11D3-BF4B-00C04F79EFBC}") = "Ajca", "Ajca\Ajca.csproj", "{C08EE073-87F2-4EA9-A146-1542CD7F32E0}"
EndProject
Global
	GlobalSection(SolutionConfigurationPlatforms) = preSolution
		Debug|Any CPU = Debug|Any CPU
		Debug|iPhone = Debug|iPhone
		Debug|iPhoneSimulator = Debug|iPhoneSimulator
		Release|Any CPU = Release|Any CPU
		Release|iPhone = Release|iPhone
		Release|iPhoneSimulator = Release|iPhoneSimulator
	EndGlobalSection
	GlobalSection(ProjectConfigurationPlatforms) = postSolution
		{3097EAC8-63E7-4634-A8F5-EA2B5F855818}.Debug|Any CPU.ActiveCfg = Debug|Any CPU
		{3097EAC8-63E7-4634-A8F5-EA2B5F855818}.Debug|Any CPU.Build.0 = Debug|Any CPU
		{3097EAC8-63E7-4634-A8F5-EA2B5F855818}.Debug|Any CPU.Deploy.0 = Debug|Any CPU
		{3097EAC8-63E7-4634-A8F5-EA2B5F855818}.Debug|iPhone.ActiveCfg = Debug|Any CPU
		{3097EAC8-63E7-4634-A8F5-EA2B5F855818}.Debug|iPhone.Build.0 = Debug|Any CPU
		{3097EAC8-63E7-4634-A8F5-EA2B5F855818}.Debug|iPhone.Deploy.0 = Debug|Any CPU
		{3097EAC8-63E7-4634-A8F5-EA2B5F855818}.Debug|iPhoneSimulator.ActiveCfg = Debug|Any CPU
		{3097EAC8-63E7-4634-A8F5-EA2B5F855818}.Debug|iPhoneSimulator.Build.0 = Debug|Any CPU
		{3097EAC8-63E7-4634-A8F5-EA2B5F855818}.Debug|iPhoneSimulator.Deploy.0 = Debug|Any CPU
		{3097EAC8-63E7-4634-A8F5-EA2B5F855818}.Release|Any CPU.ActiveCfg = Release|Any CPU
		{3097EAC8-63E7-4634-A8F5-EA2B5F855818}.Release|Any CPU.Build.0 = Release|Any CPU
		{3097EAC8-63E7-4634-A8F5-EA2B5F855818}.Release|Any CPU.Deploy.0 = Release|Any CPU
		{3097EAC8-63E7-4634-A8F5-EA2B5F855818}.Release|iPhone.ActiveCfg = Release|Any CPU
		{3097EAC8-63E7-4634-A8F5-EA2B5F855818}.Release|iPhone.Build.0 = Release|Any CPU
		{3097EAC8-63E7-4634-A8F5-EA2B5F855818}.Release|iPhone.Deploy.0 = Release|Any CPU
		{3097EAC8-63E7-4634-A8F5-EA2B5F855818}.Release|iPhoneSimulator.ActiveCfg = Release|Any CPU
		{3097EAC8-63E7-4634-A8F5-EA2B5F855818}.Release|iPhoneSimulator.Build.0 = Release|Any CPU
		{3097EAC8-63E7-4634-A8F5-EA2B5F855818}.Release|iPhoneSimulator.Deploy.0 = Release|Any CPU
		{FC9DF4B8-0644-4334-B7F1-8628AB8A9840}.Debug|Any CPU.ActiveCfg = Debug|iPhone
		{FC9DF4B8-0644-4334-B7F1-8628AB8A9840}.Debug|Any CPU.Build.0 = Debug|iPhone
		{FC9DF4B8-0644-4334-B7F1-8628AB8A9840}.Debug|Any CPU.Deploy.0 = Debug|iPhone
		{FC9DF4B8-0644-4334-B7F1-8628AB8A9840}.Debug|iPhone.ActiveCfg = Debug|iPhone
		{FC9DF4B8-0644-4334-B7F1-8628AB8A9840}.Debug|iPhone.Build.0 = Debug|iPhone
		{FC9DF4B8-0644-4334-B7F1-8628AB8A9840}.Debug|iPhone.Deploy.0 = Debug|iPhone
		{FC9DF4B8-0644-4334-B7F1-8628AB8A9840}.Debug|iPhoneSimulator.ActiveCfg = Debug|iPhoneSimulator
		{FC9DF4B8-0644-4334-B7F1-8628AB8A9840}.Debug|iPhoneSimulator.Build.0 = Debug|iPhoneSimulator
		{FC9DF4B8-0644-4334-B7F1-8628AB8A9840}.Debug|iPhoneSimulator.Deploy.0 = Debug|iPhoneSimulator
		{FC9DF4B8-0644-4334-B7F1-8628AB8A9840}.Release|Any CPU.ActiveCfg = Release|iPhoneSimulator
		{FC9DF4B8-0644-4334-B7F1-8628AB8A9840}.Release|Any CPU.Build.0 = Release|iPhoneSimulator
		{FC9DF4B8-0644-4334-B7F1-8628AB8A9840}.Release|Any CPU.Deploy.0 = Release|iPhoneSimulator
		{FC9DF4B8-0644-4334-B7F1-8628AB8A9840}.Release|iPhone.ActiveCfg = Release|iPhone
		{FC9DF4B8-0644-4334-B7F1-8628AB8A9840}.Release|iPhone.Build.0 = Release|iPhone
		{FC9DF4B8-0644-4334-B7F1-8628AB8A9840}.Release|iPhone.Deploy.0 = Release|iPhone
		{FC9DF4B8-0644-4334-B7F1-8628AB8A9840}.Release|iPhoneSimulator.ActiveCfg = Release|iPhoneSimulator
		{FC9DF4B8-0644-4334-B7F1-8628AB8A9840}.Release|iPhoneSimulator.Build.0 = Release|iPhoneSimulator
		{FC9DF4B8-0644-4334-B7F1-8628AB8A9840}.Release|iPhoneSimulator.Deploy.0 = Release|iPhoneSimulator
		{C08EE073-87F2-4EA9-A146-1542CD7F32E0}.Debug|Any CPU.ActiveCfg = Debug|Any CPU
		{C08EE073-87F2-4EA9-A146-1542CD7F32E0}.Debug|Any CPU.Build.0 = Debug|Any CPU
		{C08EE073-87F2-4EA9-A146-1542CD7F32E0}.Debug|Any CPU.Deploy.0 = Debug|Any CPU
		{C08EE073-87F2-4EA9-A146-1542CD7F32E0}.Debug|iPhone.ActiveCfg = Debug|Any CPU
		{C08EE073-87F2-4EA9-A146-1542CD7F32E0}.Debug|iPhone.Build.0 = Debug|Any CPU
		{C08EE073-87F2-4EA9-A146-1542CD7F32E0}.Debug|iPhone.Deploy.0 = Debug|Any CPU
		{C08EE073-87F2-4EA9-A146-1542CD7F32E0}.Debug|iPhoneSimulator.ActiveCfg = Debug|Any CPU
		{C08EE073-87F2-4EA9-A146-1542CD7F32E0}.Debug|iPhoneSimulator.Build.0 = Debug|Any CPU
		{C08EE073-87F2-4EA9-A146-1542CD7F32E0}.Debug|iPhoneSimulator.Deploy.0 = Debug|Any CPU
		{C08EE073-87F2-4EA9-A146-1542CD7F32E0}.Release|Any CPU.ActiveCfg = Release|Any CPU
		{C08EE073-87F2-4EA9-A146-1542CD7F32E0}.Release|Any CPU.Build.0 = Release|Any CPU
		{C08EE073-87F2-4EA9-A146-1542CD7F32E0}.Release|Any CPU.Deploy.0 = Release|Any CPU
		{C08EE073-87F2-4EA9-A146-1542CD7F32E0}.Release|iPhone.ActiveCfg = Release|Any CPU
		{C08EE073-87F2-4EA9-A146-1542CD7F32E0}.Release|iPhone.Build.0 = Release|Any CPU
		{C08EE073-87F2-4EA9-A146-1542CD7F32E0}.Release|iPhone.Deploy.0 = Release|Any CPU
		{C08EE073-87F2-4EA9-A146-1542CD7F32E0}.Release|iPhoneSimulator.ActiveCfg = Release|Any CPU
		{C08EE073-87F2-4EA9-A146-1542CD7F32E0}.Release|iPhoneSimulator.Build.0 = Release|Any CPU
		{C08EE073-87F2-4EA9-A146-1542CD7F32E0}.Release|iPhoneSimulator.Deploy.0 = Release|Any CPU
	EndGlobalSection
	GlobalSection(SolutionProperties) = preSolution
		HideSolutionNode = FALSE
	EndGlobalSection
	GlobalSection(ExtensibilityGlobals) = postSolution
		SolutionGuid = {D7F01CE4-8290-4993-9C87-A3D222F254EA}
	EndGlobalSection
EndGlobal
